
Microsoft Visual Studio Solution File, Format Version 12.00
# Visual Studio 14
VisualStudioVersion = 14.0.25420.1
MinimumVisualStudioVersion = 10.0.40219.1
Project("{888888A0-9F3D-457C-B088-3A5042F75D52}") = "LinearRegression", "LinearRegression\LinearRegression.pyproj", "{0C6048BA-2770-4552-9039-7D8540F94F6B}"
EndProject
Project("{2150E333-8FDC-42A3-9474-1A3956D46DE8}") = "Solution Items", "Solution Items", "{F81712A0-0007-4A0E-958E-B6DCD330EEDA}"
	ProjectSection(SolutionItems) = preProject
		.gitattributes = .gitattributes
		.gitignore = .gitignore
	EndProjectSection
EndProject
Project("{888888A0-9F3D-457C-B088-3A5042F75D52}") = "Project01_FirstNeuralNet", "Project01_FirstNeuralNet\Project01_FirstNeuralNet.pyproj", "{C0DD45FF-E01D-48A6-8DD7-AEA8D336DD36}"
EndProject
Project("{888888A0-9F3D-457C-B088-3A5042F75D52}") = "SentimentAnalysis", "SentimentAnalysis\SentimentAnalysis.pyproj", "{056AF145-F975-4465-B4C7-36871795A0AE}"
EndProject
Project("{888888A0-9F3D-457C-B088-3A5042F75D52}") = "Project02_ImageClassification", "Project02_ImageClassification\Project02_ImageClassification.pyproj", "{D8784389-F441-4277-8279-B69CE87F3B41}"
EndProject
Project("{888888A0-9F3D-457C-B088-3A5042F75D52}") = "Project03_TvScriptGeneration", "Project03_TvScriptGeneration\Project03_TvScriptGeneration.pyproj", "{FC7C4A8A-95A0-4CFC-A53C-C4EDE8A5805D}"
EndProject
Project("{888888A0-9F3D-457C-B088-3A5042F75D52}") = "Project04_LanguageTranslation", "Project04_LanguageTranslation\Project04_LanguageTranslation.pyproj", "{53B78FCD-7D44-4908-A242-0850D0926870}"
EndProject
Global
	GlobalSection(SolutionConfigurationPlatforms) = preSolution
		Debug|Any CPU = Debug|Any CPU
		Release|Any CPU = Release|Any CPU
	EndGlobalSection
	GlobalSection(ProjectConfigurationPlatforms) = postSolution
		{0C6048BA-2770-4552-9039-7D8540F94F6B}.Debug|Any CPU.ActiveCfg = Debug|Any CPU
		{0C6048BA-2770-4552-9039-7D8540F94F6B}.Release|Any CPU.ActiveCfg = Release|Any CPU
		{C0DD45FF-E01D-48A6-8DD7-AEA8D336DD36}.Debug|Any CPU.ActiveCfg = Debug|Any CPU
		{C0DD45FF-E01D-48A6-8DD7-AEA8D336DD36}.Release|Any CPU.ActiveCfg = Release|Any CPU
		{056AF145-F975-4465-B4C7-36871795A0AE}.Debug|Any CPU.ActiveCfg = Debug|Any CPU
		{056AF145-F975-4465-B4C7-36871795A0AE}.Release|Any CPU.ActiveCfg = Release|Any CPU
		{D8784389-F441-4277-8279-B69CE87F3B41}.Debug|Any CPU.ActiveCfg = Debug|Any CPU
		{D8784389-F441-4277-8279-B69CE87F3B41}.Release|Any CPU.ActiveCfg = Release|Any CPU
		{FC7C4A8A-95A0-4CFC-A53C-C4EDE8A5805D}.Debug|Any CPU.ActiveCfg = Debug|Any CPU
		{FC7C4A8A-95A0-4CFC-A53C-C4EDE8A5805D}.Release|Any CPU.ActiveCfg = Release|Any CPU
		{53B78FCD-7D44-4908-A242-0850D0926870}.Debug|Any CPU.ActiveCfg = Debug|Any CPU
		{53B78FCD-7D44-4908-A242-0850D0926870}.Release|Any CPU.ActiveCfg = Release|Any CPU
	EndGlobalSection
	GlobalSection(SolutionProperties) = preSolution
		HideSolutionNode = FALSE
	EndGlobalSection
EndGlobal
